<?xml version="1.0" encoding="utf-8"?>
<Project ToolsVersion="4.0" xmlns="http://schemas.microsoft.com/developer/msbuild/2003">
  <ItemGroup>
    <Filter Include="Source Files">
      <UniqueIdentifier>{1fc53185-6fde-4712-b319-2bc49740c8ff}</UniqueIdentifier>
      <Extensions>cpp;c;cxx;rc;def;r;odl;idl;hpj;bat;f90;for;f;fpp</Extensions>
    </Filter>
    <Filter Include="Header Files">
      <UniqueIdentifier>{43320860-3962-4bba-a38c-90b87c87823e}</UniqueIdentifier>
      <Extensions>h;hpp;hxx;hm;inl;fi;fd</Extensions>
    </Filter>
    <Filter Include="Resource Files">
      <UniqueIdentifier>{8d262a4e-c661-42c5-a7a1-52703c35ea00}</UniqueIdentifier>
      <Extensions>ico;cur;bmp;dlg;rc2;rct;bin;rgs;gif;jpg;jpeg;jpe</Extensions>
    </Filter>
  </ItemGroup>
  <ItemGroup>
    <ClCompile Include="calculexp.cpp">
      <Filter>Source Files</Filter>
    </ClCompile>
    <ClCompile Include="compute_expresions.cpp">
      <Filter>Source Files</Filter>
    </ClCompile>
    <ClCompile Include="compute_expresionsDlg.cpp">
      <Filter>Source Files</Filter>
    </ClCompile>
    <ClCompile Include="parser_func.cpp">
      <Filter>Source Files</Filter>
    </ClCompile>
    <ClCompile Include="parser_func_data.cpp">
      <Filter>Source Files</Filter>
    </ClCompile>
    <ClCompile Include="parser_func_memory.cpp">
      <Filter>Source Files</Filter>
    </ClCompile>
    <ClCompile Include="StdAfx.cpp">
      <Filter>Source Files</Filter>
    </ClCompile>
  </ItemGroup>
  <ItemGroup>
    <ResourceCompile Include="compute_expresions.rc">
      <Filter>Source Files</Filter>
    </ResourceCompile>
  </ItemGroup>
  <ItemGroup>
    <ClInclude Include="calculexp.h">
      <Filter>Header Files</Filter>
    </ClInclude>
    <ClInclude Include="compute_expresions.h">
      <Filter>Header Files</Filter>
    </ClInclude>
    <ClInclude Include="compute_expresionsDlg.h">
      <Filter>Header Files</Filter>
    </ClInclude>
    <ClInclude Include="parser_func.h">
      <Filter>Header Files</Filter>
    </ClInclude>
    <ClInclude Include="parser_func_data.h">
      <Filter>Header Files</Filter>
    </ClInclude>
    <ClInclude Include="parser_func_memory.h">
      <Filter>Header Files</Filter>
    </ClInclude>
    <ClInclude Include="Resource.h">
      <Filter>Header Files</Filter>
    </ClInclude>
    <ClInclude Include="StdAfx.h">
      <Filter>Header Files</Filter>
    </ClInclude>
  </ItemGroup>
  <ItemGroup>
    <Image Include="res\compute_expresions.ico">
      <Filter>Resource Files</Filter>
    </Image>
  </ItemGroup>
  <ItemGroup>
    <Text Include="ReadMe.txt" />
  </ItemGroup>
  <ItemGroup>
    <CustomBuild Include="res\compute_expresions.rc2">
      <Filter>Resource Files</Filter>
    </CustomBuild>
  </ItemGroup>
</Project>